
Microsoft Visual Studio Solution File, Format Version 12.00
# Visual Studio Version 16
VisualStudioVersion = 16.0.29728.190
MinimumVisualStudioVersion = 10.0.40219.1
Project("{9A19103F-16F7-4668-BE54-9A1E7A4F7556}") = "AEConsoleApp", "AEConsoleApp\AEConsoleApp.csproj", "{FA4F822D-A964-4992-8ECE-3EF2D1379CC1}"
EndProject
Project("{00D1A9C2-B5F0-4AF3-8072-F6C62B433612}") = "ae_code_challenge", "ae_code_challenge\ae_code_challenge.sqlproj", "{BDC7E99A-15B0-4BAA-A269-49E7DAA89A35}"
EndProject
Project("{FAE04EC0-301F-11D3-BF4B-00C04F79EFBC}") = "DatabaseUnitTests", "DatabaseTests\DatabaseUnitTests.csproj", "{F3408223-556E-4893-BE0C-71ED6FA1E936}"
EndProject
Global
	GlobalSection(SolutionConfigurationPlatforms) = preSolution
		Debug|Any CPU = Debug|Any CPU
		Release|Any CPU = Release|Any CPU
	EndGlobalSection
	GlobalSection(ProjectConfigurationPlatforms) = postSolution
		{FA4F822D-A964-4992-8ECE-3EF2D1379CC1}.Debug|Any CPU.ActiveCfg = Debug|Any CPU
		{FA4F822D-A964-4992-8ECE-3EF2D1379CC1}.Debug|Any CPU.Build.0 = Debug|Any CPU
		{FA4F822D-A964-4992-8ECE-3EF2D1379CC1}.Release|Any CPU.ActiveCfg = Release|Any CPU
		{FA4F822D-A964-4992-8ECE-3EF2D1379CC1}.Release|Any CPU.Build.0 = Release|Any CPU
		{BDC7E99A-15B0-4BAA-A269-49E7DAA89A35}.Debug|Any CPU.ActiveCfg = Debug|Any CPU
		{BDC7E99A-15B0-4BAA-A269-49E7DAA89A35}.Debug|Any CPU.Build.0 = Debug|Any CPU
		{BDC7E99A-15B0-4BAA-A269-49E7DAA89A35}.Debug|Any CPU.Deploy.0 = Debug|Any CPU
		{BDC7E99A-15B0-4BAA-A269-49E7DAA89A35}.Release|Any CPU.ActiveCfg = Release|Any CPU
		{BDC7E99A-15B0-4BAA-A269-49E7DAA89A35}.Release|Any CPU.Build.0 = Release|Any CPU
		{BDC7E99A-15B0-4BAA-A269-49E7DAA89A35}.Release|Any CPU.Deploy.0 = Release|Any CPU
		{F3408223-556E-4893-BE0C-71ED6FA1E936}.Debug|Any CPU.ActiveCfg = Debug|Any CPU
		{F3408223-556E-4893-BE0C-71ED6FA1E936}.Debug|Any CPU.Build.0 = Debug|Any CPU
		{F3408223-556E-4893-BE0C-71ED6FA1E936}.Release|Any CPU.ActiveCfg = Release|Any CPU
		{F3408223-556E-4893-BE0C-71ED6FA1E936}.Release|Any CPU.Build.0 = Release|Any CPU
	EndGlobalSection
	GlobalSection(SolutionProperties) = preSolution
		HideSolutionNode = FALSE
	EndGlobalSection
	GlobalSection(ExtensibilityGlobals) = postSolution
		SolutionGuid = {32F5CEC2-5CEF-4BCE-A86E-C8EF3542FB0E}
	EndGlobalSection
EndGlobal
